
Microsoft Visual Studio Solution File, Format Version 12.00
# Visual Studio Version 17
VisualStudioVersion = 17.4.33103.184
MinimumVisualStudioVersion = 10.0.40219.1
Project("{FAE04EC0-301F-11D3-BF4B-00C04F79EFBC}") = "csharp-ecommerce-db", "csharp-ecommerce-db.csproj", "{C9C232FB-D774-406D-972F-B3ECF8027925}"
EndProject
Global
	GlobalSection(SolutionConfigurationPlatforms) = preSolution
		Debug|Any CPU = Debug|Any CPU
		Release|Any CPU = Release|Any CPU
	EndGlobalSection
	GlobalSection(ProjectConfigurationPlatforms) = postSolution
		{C9C232FB-D774-406D-972F-B3ECF8027925}.Debug|Any CPU.ActiveCfg = Debug|Any CPU
		{C9C232FB-D774-406D-972F-B3ECF8027925}.Debug|Any CPU.Build.0 = Debug|Any CPU
		{C9C232FB-D774-406D-972F-B3ECF8027925}.Release|Any CPU.ActiveCfg = Release|Any CPU
		{C9C232FB-D774-406D-972F-B3ECF8027925}.Release|Any CPU.Build.0 = Release|Any CPU
	EndGlobalSection
	GlobalSection(SolutionProperties) = preSolution
		HideSolutionNode = FALSE
	EndGlobalSection
	GlobalSection(ExtensibilityGlobals) = postSolution
		SolutionGuid = {304B858F-4E90-4242-9BA8-760F4BDC5EEA}
	EndGlobalSection
EndGlobal
